// !$*UTF8*$!
{
	archiveVersion = 1;
	classes = {
	};
	objectVersion = 56;
	objects = {

/* Begin PBXBuildFile section */
		82AA871C29895A90003BB94E /* AILiveActivitiesApp.swift in Sources */ = {isa = PBXBuildFile; fileRef = 82AA871B29895A90003BB94E /* AILiveActivitiesApp.swift */; };
		82AA871E29895A90003BB94E /* ContentView.swift in Sources */ = {isa = PBXBuildFile; fileRef = 82AA871D29895A90003BB94E /* ContentView.swift */; };
		82AA872029895A91003BB94E /* Assets.xcassets in Resources */ = {isa = PBXBuildFile; fileRef = 82AA871F29895A91003BB94E /* Assets.xcassets */; };
		82AA872329895A91003BB94E /* Preview Assets.xcassets in Resources */ = {isa = PBXBuildFile; fileRef = 82AA872229895A91003BB94E /* Preview Assets.xcassets */; };
		82AA872A29896366003BB94E /* TimeTrackingAttributes.swift in Sources */ = {isa = PBXBuildFile; fileRef = 82AA872929896366003BB94E /* TimeTrackingAttributes.swift */; };
		82AA873329896665003BB94E /* WidgetKit.framework in Frameworks */ = {isa = PBXBuildFile; fileRef = 82AA873229896665003BB94E /* WidgetKit.framework */; };
		82AA873529896665003BB94E /* SwiftUI.framework in Frameworks */ = {isa = PBXBuildFile; fileRef = 82AA873429896665003BB94E /* SwiftUI.framework */; };
		82AA873829896665003BB94E /* AiLiveWidgetBundle.swift in Sources */ = {isa = PBXBuildFile; fileRef = 82AA873729896665003BB94E /* AiLiveWidgetBundle.swift */; };
		82AA873A29896665003BB94E /* AiLiveWidget.swift in Sources */ = {isa = PBXBuildFile; fileRef = 82AA873929896665003BB94E /* AiLiveWidget.swift */; };
		82AA873C29896667003BB94E /* Assets.xcassets in Resources */ = {isa = PBXBuildFile; fileRef = 82AA873B29896667003BB94E /* Assets.xcassets */; };
		82AA874029896667003BB94E /* AiLiveWidgetExtension.appex in Embed Foundation Extensions */ = {isa = PBXBuildFile; fileRef = 82AA873029896665003BB94E /* AiLiveWidgetExtension.appex */; settings = {ATTRIBUTES = (RemoveHeadersOnCopy, ); }; };
		82AA874529896710003BB94E /* TimeTrackingAttributes.swift in Sources */ = {isa = PBXBuildFile; fileRef = 82AA872929896366003BB94E /* TimeTrackingAttributes.swift */; };
/* End PBXBuildFile section */

/* Begin PBXContainerItemProxy section */
		82AA873E29896667003BB94E /* PBXContainerItemProxy */ = {
			isa = PBXContainerItemProxy;
			containerPortal = 82AA871029895A90003BB94E /* Project object */;
			proxyType = 1;
			remoteGlobalIDString = 82AA872F29896665003BB94E;
			remoteInfo = AiLiveWidgetExtension;
		};
/* End PBXContainerItemProxy section */

/* Begin PBXCopyFilesBuildPhase section */
		82AA874429896667003BB94E /* Embed Foundation Extensions */ = {
			isa = PBXCopyFilesBuildPhase;
			buildActionMask = 2147483647;
			dstPath = "";
			dstSubfolderSpec = 13;
			files = (
				82AA874029896667003BB94E /* AiLiveWidgetExtension.appex in Embed Foundation Extensions */,
			);
			name = "Embed Foundation Extensions";
			runOnlyForDeploymentPostprocessing = 0;
		};
/* End PBXCopyFilesBuildPhase section */

/* Begin PBXFileReference section */
		82AA871829895A90003BB94E /* AILiveActivities.app */ = {isa = PBXFileReference; explicitFileType = wrapper.application; includeInIndex = 0; path = AILiveActivities.app; sourceTree = BUILT_PRODUCTS_DIR; };
		82AA871B29895A90003BB94E /* AILiveActivitiesApp.swift */ = {isa = PBXFileReference; lastKnownFileType = sourcecode.swift; path = AILiveActivitiesApp.swift; sourceTree = "<group>"; };
		82AA871D29895A90003BB94E /* ContentView.swift */ = {isa = PBXFileReference; lastKnownFileType = sourcecode.swift; path = ContentView.swift; sourceTree = "<group>"; };
		82AA871F29895A91003BB94E /* Assets.xcassets */ = {isa = PBXFileReference; lastKnownFileType = folder.assetcatalog; path = Assets.xcassets; sourceTree = "<group>"; };
		82AA872229895A91003BB94E /* Preview Assets.xcassets */ = {isa = PBXFileReference; lastKnownFileType = folder.assetcatalog; path = "Preview Assets.xcassets"; sourceTree = "<group>"; };
		82AA872929896366003BB94E /* TimeTrackingAttributes.swift */ = {isa = PBXFileReference; lastKnownFileType = sourcecode.swift; path = TimeTrackingAttributes.swift; sourceTree = "<group>"; };
		82AA872B29896609003BB94E /* Info.plist */ = {isa = PBXFileReference; lastKnownFileType = text.plist; path = Info.plist; sourceTree = "<group>"; };
		82AA873029896665003BB94E /* AiLiveWidgetExtension.appex */ = {isa = PBXFileReference; explicitFileType = "wrapper.app-extension"; includeInIndex = 0; path = AiLiveWidgetExtension.appex; sourceTree = BUILT_PRODUCTS_DIR; };
		82AA873229896665003BB94E /* WidgetKit.framework */ = {isa = PBXFileReference; lastKnownFileType = wrapper.framework; name = WidgetKit.framework; path = System/Library/Frameworks/WidgetKit.framework; sourceTree = SDKROOT; };
		82AA873429896665003BB94E /* SwiftUI.framework */ = {isa = PBXFileReference; lastKnownFileType = wrapper.framework; name = SwiftUI.framework; path = System/Library/Frameworks/SwiftUI.framework; sourceTree = SDKROOT; };
		82AA873729896665003BB94E /* AiLiveWidgetBundle.swift */ = {isa = PBXFileReference; lastKnownFileType = sourcecode.swift; path = AiLiveWidgetBundle.swift; sourceTree = "<group>"; };
		82AA873929896665003BB94E /* AiLiveWidget.swift */ = {isa = PBXFileReference; lastKnownFileType = sourcecode.swift; path = AiLiveWidget.swift; sourceTree = "<group>"; };
		82AA873B29896667003BB94E /* Assets.xcassets */ = {isa = PBXFileReference; lastKnownFileType = folder.assetcatalog; path = Assets.xcassets; sourceTree = "<group>"; };
		82AA873D29896667003BB94E /* Info.plist */ = {isa = PBXFileReference; lastKnownFileType = text.plist.xml; path = Info.plist; sourceTree = "<group>"; };
/* End PBXFileReference section */

/* Begin PBXFrameworksBuildPhase section */
		82AA871529895A90003BB94E /* Frameworks */ = {
			isa = PBXFrameworksBuildPhase;
			buildActionMask = 2147483647;
			files = (
			);
			runOnlyForDeploymentPostprocessing = 0;
		};
		82AA872D29896665003BB94E /* Frameworks */ = {
			isa = PBXFrameworksBuildPhase;
			buildActionMask = 2147483647;
			files = (
				82AA873529896665003BB94E /* SwiftUI.framework in Frameworks */,
				82AA873329896665003BB94E /* WidgetKit.framework in Frameworks */,
			);
			runOnlyForDeploymentPostprocessing = 0;
		};
/* End PBXFrameworksBuildPhase section */

/* Begin PBXGroup section */
		82AA870F29895A90003BB94E = {
			isa = PBXGroup;
			children = (
				82AA871A29895A90003BB94E /* AILiveActivities */,
				82AA873629896665003BB94E /* AiLiveWidget */,
				82AA873129896665003BB94E /* Frameworks */,
				82AA871929895A90003BB94E /* Products */,
			);
			sourceTree = "<group>";
		};
		82AA871929895A90003BB94E /* Products */ = {
			isa = PBXGroup;
			children = (
				82AA871829895A90003BB94E /* AILiveActivities.app */,
				82AA873029896665003BB94E /* AiLiveWidgetExtension.appex */,
			);
			name = Products;
			sourceTree = "<group>";
		};
		82AA871A29895A90003BB94E /* AILiveActivities */ = {
			isa = PBXGroup;
			children = (
				82AA872B29896609003BB94E /* Info.plist */,
				82AA871B29895A90003BB94E /* AILiveActivitiesApp.swift */,
				82AA871D29895A90003BB94E /* ContentView.swift */,
				82AA872929896366003BB94E /* TimeTrackingAttributes.swift */,
				82AA871F29895A91003BB94E /* Assets.xcassets */,
				82AA872129895A91003BB94E /* Preview Content */,
			);
			path = AILiveActivities;
			sourceTree = "<group>";
		};
		82AA872129895A91003BB94E /* Preview Content */ = {
			isa = PBXGroup;
			children = (
				82AA872229895A91003BB94E /* Preview Assets.xcassets */,
			);
			path = "Preview Content";
			sourceTree = "<group>";
		};
		82AA873129896665003BB94E /* Frameworks */ = {
			isa = PBXGroup;
			children = (
				82AA873229896665003BB94E /* WidgetKit.framework */,
				82AA873429896665003BB94E /* SwiftUI.framework */,
			);
			name = Frameworks;
			sourceTree = "<group>";
		};
		82AA873629896665003BB94E /* AiLiveWidget */ = {
			isa = PBXGroup;
			children = (
				82AA873729896665003BB94E /* AiLiveWidgetBundle.swift */,
				82AA873929896665003BB94E /* AiLiveWidget.swift */,
				82AA873B29896667003BB94E /* Assets.xcassets */,
				82AA873D29896667003BB94E /* Info.plist */,
			);
			path = AiLiveWidget;
			sourceTree = "<group>";
		};
/* End PBXGroup section */

/* Begin PBXNativeTarget section */
		82AA871729895A90003BB94E /* AILiveActivities */ = {
			isa = PBXNativeTarget;
			buildConfigurationList = 82AA872629895A92003BB94E /* Build configuration list for PBXNativeTarget "AILiveActivities" */;
			buildPhases = (
				82AA871429895A90003BB94E /* Sources */,
				82AA871529895A90003BB94E /* Frameworks */,
				82AA871629895A90003BB94E /* Resources */,
				82AA874429896667003BB94E /* Embed Foundation Extensions */,
			);
			buildRules = (
			);
			dependencies = (
				82AA873F29896667003BB94E /* PBXTargetDependency */,
			);
			name = AILiveActivities;
			productName = AILiveActivities;
			productReference = 82AA871829895A90003BB94E /* AILiveActivities.app */;
			productType = "com.apple.product-type.application";
		};
		82AA872F29896665003BB94E /* AiLiveWidgetExtension */ = {
			isa = PBXNativeTarget;
			buildConfigurationList = 82AA874129896667003BB94E /* Build configuration list for PBXNativeTarget "AiLiveWidgetExtension" */;
			buildPhases = (
				82AA872C29896665003BB94E /* Sources */,
				82AA872D29896665003BB94E /* Frameworks */,
				82AA872E29896665003BB94E /* Resources */,
			);
			buildRules = (
			);
			dependencies = (
			);
			name = AiLiveWidgetExtension;
			productName = AiLiveWidgetExtension;
			productReference = 82AA873029896665003BB94E /* AiLiveWidgetExtension.appex */;
			productType = "com.apple.product-type.app-extension";
		};
/* End PBXNativeTarget section */

/* Begin PBXProject section */
		82AA871029895A90003BB94E /* Project object */ = {
			isa = PBXProject;
			attributes = {
				BuildIndependentTargetsInParallel = 1;
				LastSwiftUpdateCheck = 1420;
				LastUpgradeCheck = 1420;
				TargetAttributes = {
					82AA871729895A90003BB94E = {
						CreatedOnToolsVersion = 14.2;
					};
					82AA872F29896665003BB94E = {
						CreatedOnToolsVersion = 14.2;
					};
				};
			};
			buildConfigurationList = 82AA871329895A90003BB94E /* Build configuration list for PBXProject "AILiveActivities" */;
			compatibilityVersion = "Xcode 14.0";
			developmentRegion = en;
			hasScannedForEncodings = 0;
			knownRegions = (
				en,
				Base,
			);
			mainGroup = 82AA870F29895A90003BB94E;
			productRefGroup = 82AA871929895A90003BB94E /* Products */;
			projectDirPath = "";
			projectRoot = "";
			targets = (
				82AA871729895A90003BB94E /* AILiveActivities */,
				82AA872F29896665003BB94E /* AiLiveWidgetExtension */,
			);
		};
/* End PBXProject section */

/* Begin PBXResourcesBuildPhase section */
		82AA871629895A90003BB94E /* Resources */ = {
			isa = PBXResourcesBuildPhase;
			buildActionMask = 2147483647;
			files = (
				82AA872329895A91003BB94E /* Preview Assets.xcassets in Resources */,
				82AA872029895A91003BB94E /* Assets.xcassets in Resources */,
			);
			runOnlyForDeploymentPostprocessing = 0;
		};
		82AA872E29896665003BB94E /* Resources */ = {
			isa = PBXResourcesBuildPhase;
			buildActionMask = 2147483647;
			files = (
				82AA873C29896667003BB94E /* Assets.xcassets in Resources */,
			);
			runOnlyForDeploymentPostprocessing = 0;
		};
/* End PBXResourcesBuildPhase section */

/* Begin PBXSourcesBuildPhase section */
		82AA871429895A90003BB94E /* Sources */ = {
			isa = PBXSourcesBuildPhase;
			buildActionMask = 2147483647;
			files = (
				82AA871E29895A90003BB94E /* ContentView.swift in Sources */,
				82AA872A29896366003BB94E /* TimeTrackingAttributes.swift in Sources */,
				82AA871C29895A90003BB94E /* AILiveActivitiesApp.swift in Sources */,
			);
			runOnlyForDeploymentPostprocessing = 0;
		};
		82AA872C29896665003BB94E /* Sources */ = {
			isa = PBXSourcesBuildPhase;
			buildActionMask = 2147483647;
			files = (
				82AA873829896665003BB94E /* AiLiveWidgetBundle.swift in Sources */,
				82AA874529896710003BB94E /* TimeTrackingAttributes.swift in Sources */,
				82AA873A29896665003BB94E /* AiLiveWidget.swift in Sources */,
			);
			runOnlyForDeploymentPostprocessing = 0;
		};
/* End PBXSourcesBuildPhase section */

/* Begin PBXTargetDependency section */
		82AA873F29896667003BB94E /* PBXTargetDependency */ = {
			isa = PBXTargetDependency;
			target = 82AA872F29896665003BB94E /* AiLiveWidgetExtension */;
			targetProxy = 82AA873E29896667003BB94E /* PBXContainerItemProxy */;
		};
/* End PBXTargetDependency section */

/* Begin XCBuildConfiguration section */
		82AA872429895A91003BB94E /* Debug */ = {
			isa = XCBuildConfiguration;
			buildSettings = {
				ALWAYS_SEARCH_USER_PATHS = NO;
				CLANG_ANALYZER_NONNULL = YES;
				CLANG_ANALYZER_NUMBER_OBJECT_CONVERSION = YES_AGGRESSIVE;
				CLANG_CXX_LANGUAGE_STANDARD = "gnu++20";
				CLANG_ENABLE_MODULES = YES;
				CLANG_ENABLE_OBJC_ARC = YES;
				CLANG_ENABLE_OBJC_WEAK = YES;
				CLANG_WARN_BLOCK_CAPTURE_AUTORELEASING = YES;
				CLANG_WARN_BOOL_CONVERSION = YES;
				CLANG_WARN_COMMA = YES;
				CLANG_WARN_CONSTANT_CONVERSION = YES;
				CLANG_WARN_DEPRECATED_OBJC_IMPLEMENTATIONS = YES;
				CLANG_WARN_DIRECT_OBJC_ISA_USAGE = YES_ERROR;
				CLANG_WARN_DOCUMENTATION_COMMENTS = YES;
				CLANG_WARN_EMPTY_BODY = YES;
				CLANG_WARN_ENUM_CONVERSION = YES;
				CLANG_WARN_INFINITE_RECURSION = YES;
				CLANG_WARN_INT_CONVERSION = YES;
				CLANG_WARN_NON_LITERAL_NULL_CONVERSION = YES;
				CLANG_WARN_OBJC_IMPLICIT_RETAIN_SELF = YES;
				CLANG_WARN_OBJC_LITERAL_CONVERSION = YES;
				CLANG_WARN_OBJC_ROOT_CLASS = YES_ERROR;
				CLANG_WARN_QUOTED_INCLUDE_IN_FRAMEWORK_HEADER = YES;
				CLANG_WARN_RANGE_LOOP_ANALYSIS = YES;
				CLANG_WARN_STRICT_PROTOTYPES = YES;
				CLANG_WARN_SUSPICIOUS_MOVE = YES;
				CLANG_WARN_UNGUARDED_AVAILABILITY = YES_AGGRESSIVE;
				CLANG_WARN_UNREACHABLE_CODE = YES;
				CLANG_WARN__DUPLICATE_METHOD_MATCH = YES;
				COPY_PHASE_STRIP = NO;
				DEBUG_INFORMATION_FORMAT = dwarf;
				ENABLE_STRICT_OBJC_MSGSEND = YES;
				ENABLE_TESTABILITY = YES;
				GCC_C_LANGUAGE_STANDARD = gnu11;
				GCC_DYNAMIC_NO_PIC = NO;
				GCC_NO_COMMON_BLOCKS = YES;
				GCC_OPTIMIZATION_LEVEL = 0;
				GCC_PREPROCESSOR_DEFINITIONS = (
					"DEBUG=1",
					"$(inherited)",
				);
				GCC_WARN_64_TO_32_BIT_CONVERSION = YES;
				GCC_WARN_ABOUT_RETURN_TYPE = YES_ERROR;
				GCC_WARN_UNDECLARED_SELECTOR = YES;
				GCC_WARN_UNINITIALIZED_AUTOS = YES_AGGRESSIVE;
				GCC_WARN_UNUSED_FUNCTION = YES;
				GCC_WARN_UNUSED_VARIABLE = YES;
				IPHONEOS_DEPLOYMENT_TARGET = 16.2;
				MTL_ENABLE_DEBUG_INFO = INCLUDE_SOURCE;
				MTL_FAST_MATH = YES;
				ONLY_ACTIVE_ARCH = YES;
				SDKROOT = iphoneos;
				SWIFT_ACTIVE_COMPILATION_CONDITIONS = DEBUG;
				SWIFT_OPTIMIZATION_LEVEL = "-Onone";
			};
			name = Debug;
		};
		82AA872529895A91003BB94E /* Release */ = {
			isa = XCBuildConfiguration;
			buildSettings = {
				ALWAYS_SEARCH_USER_PATHS = NO;
				CLANG_ANALYZER_NONNULL = YES;
				CLANG_ANALYZER_NUMBER_OBJECT_CONVERSION = YES_AGGRESSIVE;
				CLANG_CXX_LANGUAGE_STANDARD = "gnu++20";
				CLANG_ENABLE_MODULES = YES;
				CLANG_ENABLE_OBJC_ARC = YES;
				CLANG_ENABLE_OBJC_WEAK = YES;
				CLANG_WARN_BLOCK_CAPTURE_AUTORELEASING = YES;
				CLANG_WARN_BOOL_CONVERSION = YES;
				CLANG_WARN_COMMA = YES;
				CLANG_WARN_CONSTANT_CONVERSION = YES;
				CLANG_WARN_DEPRECATED_OBJC_IMPLEMENTATIONS = YES;
				CLANG_WARN_DIRECT_OBJC_ISA_USAGE = YES_ERROR;
				CLANG_WARN_DOCUMENTATION_COMMENTS = YES;
				CLANG_WARN_EMPTY_BODY = YES;
				CLANG_WARN_ENUM_CONVERSION = YES;
				CLANG_WARN_INFINITE_RECURSION = YES;
				CLANG_WARN_INT_CONVERSION = YES;
				CLANG_WARN_NON_LITERAL_NULL_CONVERSION = YES;
				CLANG_WARN_OBJC_IMPLICIT_RETAIN_SELF = YES;
				CLANG_WARN_OBJC_LITERAL_CONVERSION = YES;
				CLANG_WARN_OBJC_ROOT_CLASS = YES_ERROR;
				CLANG_WARN_QUOTED_INCLUDE_IN_FRAMEWORK_HEADER = YES;
				CLANG_WARN_RANGE_LOOP_ANALYSIS = YES;
				CLANG_WARN_STRICT_PROTOTYPES = YES;
				CLANG_WARN_SUSPICIOUS_MOVE = YES;
				CLANG_WARN_UNGUARDED_AVAILABILITY = YES_AGGRESSIVE;
				CLANG_WARN_UNREACHABLE_CODE = YES;
				CLANG_WARN__DUPLICATE_METHOD_MATCH = YES;
				COPY_PHASE_STRIP = NO;
				DEBUG_INFORMATION_FORMAT = "dwarf-with-dsym";
				ENABLE_NS_ASSERTIONS = NO;
				ENABLE_STRICT_OBJC_MSGSEND = YES;
				GCC_C_LANGUAGE_STANDARD = gnu11;
				GCC_NO_COMMON_BLOCKS = YES;
				GCC_WARN_64_TO_32_BIT_CONVERSION = YES;
				GCC_WARN_ABOUT_RETURN_TYPE = YES_ERROR;
				GCC_WARN_UNDECLARED_SELECTOR = YES;
				GCC_WARN_UNINITIALIZED_AUTOS = YES_AGGRESSIVE;
				GCC_WARN_UNUSED_FUNCTION = YES;
				GCC_WARN_UNUSED_VARIABLE = YES;
				IPHONEOS_DEPLOYMENT_TARGET = 16.2;
				MTL_ENABLE_DEBUG_INFO = NO;
				MTL_FAST_MATH = YES;
				SDKROOT = iphoneos;
				SWIFT_COMPILATION_MODE = wholemodule;
				SWIFT_OPTIMIZATION_LEVEL = "-O";
				VALIDATE_PRODUCT = YES;
			};
			name = Release;
		};
		82AA872729895A92003BB94E /* Debug */ = {
			isa = XCBuildConfiguration;
			buildSettings = {
				ALWAYS_EMBED_SWIFT_STANDARD_LIBRARIES = YES;
				ASSETCATALOG_COMPILER_APPICON_NAME = AppIcon;
				ASSETCATALOG_COMPILER_GLOBAL_ACCENT_COLOR_NAME = AccentColor;
				CODE_SIGN_STYLE = Automatic;
				CURRENT_PROJECT_VERSION = 1;
				DEVELOPMENT_ASSET_PATHS = "\"AILiveActivities/Preview Content\"";
				DEVELOPMENT_TEAM = 6VAP77AVL2;
				ENABLE_PREVIEWS = YES;
				GENERATE_INFOPLIST_FILE = YES;
				INFOPLIST_FILE = AILiveActivities/Info.plist;
				INFOPLIST_KEY_NSSupportsLiveActivities = YES;
				INFOPLIST_KEY_UIApplicationSceneManifest_Generation = YES;
				INFOPLIST_KEY_UIApplicationSupportsIndirectInputEvents = YES;
				INFOPLIST_KEY_UILaunchScreen_Generation = YES;
				INFOPLIST_KEY_UISupportedInterfaceOrientations_iPad = "UIInterfaceOrientationPortrait UIInterfaceOrientationPortraitUpsideDown UIInterfaceOrientationLandscapeLeft UIInterfaceOrientationLandscapeRight";
				INFOPLIST_KEY_UISupportedInterfaceOrientations_iPhone = "UIInterfaceOrientationPortrait UIInterfaceOrientationLandscapeLeft UIInterfaceOrientationLandscapeRight";
				IPHONEOS_DEPLOYMENT_TARGET = 16.1;
				LD_RUNPATH_SEARCH_PATHS = (
					"$(inherited)",
					"@executable_path/Frameworks",
				);
				MARKETING_VERSION = 1.0;
				PRODUCT_BUNDLE_IDENTIFIER = com.EserLodhia.AILiveActivities;
				PRODUCT_NAME = "$(TARGET_NAME)";
				SWIFT_EMIT_LOC_STRINGS = YES;
				SWIFT_VERSION = 5.0;
				TARGETED_DEVICE_FAMILY = "1,2";
			};
			name = Debug;
		};
		82AA872829895A92003BB94E /* Release */ = {
			isa = XCBuildConfiguration;
			buildSettings = {
				ALWAYS_EMBED_SWIFT_STANDARD_LIBRARIES = YES;
				ASSETCATALOG_COMPILER_APPICON_NAME = AppIcon;
				ASSETCATALOG_COMPILER_GLOBAL_ACCENT_COLOR_NAME = AccentColor;
				CODE_SIGN_STYLE = Automatic;
				CURRENT_PROJECT_VERSION = 1;
				DEVELOPMENT_ASSET_PATHS = "\"AILiveActivities/Preview Content\"";
				DEVELOPMENT_TEAM = 6VAP77AVL2;
				ENABLE_PREVIEWS = YES;
				GENERATE_INFOPLIST_FILE = YES;
				INFOPLIST_FILE = AILiveActivities/Info.plist;
				INFOPLIST_KEY_NSSupportsLiveActivities = YES;
				INFOPLIST_KEY_UIApplicationSceneManifest_Generation = YES;
				INFOPLIST_KEY_UIApplicationSupportsIndirectInputEvents = YES;
				INFOPLIST_KEY_UILaunchScreen_Generation = YES;
				INFOPLIST_KEY_UISupportedInterfaceOrientations_iPad = "UIInterfaceOrientationPortrait UIInterfaceOrientationPortraitUpsideDown UIInterfaceOrientationLandscapeLeft UIInterfaceOrientationLandscapeRight";
				INFOPLIST_KEY_UISupportedInterfaceOrientations_iPhone = "UIInterfaceOrientationPortrait UIInterfaceOrientationLandscapeLeft UIInterfaceOrientationLandscapeRight";
				IPHONEOS_DEPLOYMENT_TARGET = 16.1;
				LD_RUNPATH_SEARCH_PATHS = (
					"$(inherited)",
					"@executable_path/Frameworks",
				);
				MARKETING_VERSION = 1.0;
				PRODUCT_BUNDLE_IDENTIFIER = com.EserLodhia.AILiveActivities;
				PRODUCT_NAME = "$(TARGET_NAME)";
				SWIFT_EMIT_LOC_STRINGS = YES;
				SWIFT_VERSION = 5.0;
				TARGETED_DEVICE_FAMILY = "1,2";
			};
			name = Release;
		};
		82AA874229896667003BB94E /* Debug */ = {
			isa = XCBuildConfiguration;
			buildSettings = {
				ASSETCATALOG_COMPILER_GLOBAL_ACCENT_COLOR_NAME = AccentColor;
				ASSETCATALOG_COMPILER_WIDGET_BACKGROUND_COLOR_NAME = WidgetBackground;
				CODE_SIGN_STYLE = Automatic;
				CURRENT_PROJECT_VERSION = 1;
				DEVELOPMENT_TEAM = 6VAP77AVL2;
				GENERATE_INFOPLIST_FILE = YES;
				INFOPLIST_FILE = AiLiveWidget/Info.plist;
				INFOPLIST_KEY_CFBundleDisplayName = AiLiveWidget;
				INFOPLIST_KEY_NSHumanReadableCopyright = "";
				LD_RUNPATH_SEARCH_PATHS = (
					"$(inherited)",
					"@executable_path/Frameworks",
					"@executable_path/../../Frameworks",
				);
				MARKETING_VERSION = 1.0;
				PRODUCT_BUNDLE_IDENTIFIER = com.EserLodhia.AILiveActivities.AiLiveWidget;
				PRODUCT_NAME = "$(TARGET_NAME)";
				SKIP_INSTALL = YES;
				SWIFT_EMIT_LOC_STRINGS = YES;
				SWIFT_VERSION = 5.0;
				TARGETED_DEVICE_FAMILY = "1,2";
			};
			name = Debug;
		};
		82AA874329896667003BB94E /* Release */ = {
			isa = XCBuildConfiguration;
			buildSettings = {
				ASSETCATALOG_COMPILER_GLOBAL_ACCENT_COLOR_NAME = AccentColor;
				ASSETCATALOG_COMPILER_WIDGET_BACKGROUND_COLOR_NAME = WidgetBackground;
				CODE_SIGN_STYLE = Automatic;
				CURRENT_PROJECT_VERSION = 1;
				DEVELOPMENT_TEAM = 6VAP77AVL2;
				GENERATE_INFOPLIST_FILE = YES;
				INFOPLIST_FILE = AiLiveWidget/Info.plist;
				INFOPLIST_KEY_CFBundleDisplayName = AiLiveWidget;
				INFOPLIST_KEY_NSHumanReadableCopyright = "";
				LD_RUNPATH_SEARCH_PATHS = (
					"$(inherited)",
					"@executable_path/Frameworks",
					"@executable_path/../../Frameworks",
				);
				MARKETING_VERSION = 1.0;
				PRODUCT_BUNDLE_IDENTIFIER = com.EserLodhia.AILiveActivities.AiLiveWidget;
				PRODUCT_NAME = "$(TARGET_NAME)";
				SKIP_INSTALL = YES;
				SWIFT_EMIT_LOC_STRINGS = YES;
				SWIFT_VERSION = 5.0;
				TARGETED_DEVICE_FAMILY = "1,2";
			};
			name = Release;
		};
/* End XCBuildConfiguration section */

/* Begin XCConfigurationList section */
		82AA871329895A90003BB94E /* Build configuration list for PBXProject "AILiveActivities" */ = {
			isa = XCConfigurationList;
			buildConfigurations = (
				82AA872429895A91003BB94E /* Debug */,
				82AA872529895A91003BB94E /* Release */,
			);
			defaultConfigurationIsVisible = 0;
			defaultConfigurationName = Release;
		};
		82AA872629895A92003BB94E /* Build configuration list for PBXNativeTarget "AILiveActivities" */ = {
			isa = XCConfigurationList;
			buildConfigurations = (
				82AA872729895A92003BB94E /* Debug */,
				82AA872829895A92003BB94E /* Release */,
			);
			defaultConfigurationIsVisible = 0;
			defaultConfigurationName = Release;
		};
		82AA874129896667003BB94E /* Build configuration list for PBXNativeTarget "AiLiveWidgetExtension" */ = {
			isa = XCConfigurationList;
			buildConfigurations = (
				82AA874229896667003BB94E /* Debug */,
				82AA874329896667003BB94E /* Release */,
			);
			defaultConfigurationIsVisible = 0;
			defaultConfigurationName = Release;
		};
/* End XCConfigurationList section */
	};
	rootObject = 82AA871029895A90003BB94E /* Project object */;
}
